
Microsoft Visual Studio Solution File, Format Version 12.00
# Visual Studio 14
VisualStudioVersion = 14.0.25420.1
MinimumVisualStudioVersion = 10.0.40219.1
Project("{FAE04EC0-301F-11D3-BF4B-00C04F79EFBC}") = "SampleApp.Android", "SampleApp\SampleApp.Android\SampleApp.Android.csproj", "{17F33D4C-4D1D-4D8F-9474-A041EAF018FE}"
EndProject
Project("{FAE04EC0-301F-11D3-BF4B-00C04F79EFBC}") = "SampleApp", "SampleApp\SampleApp\SampleApp.csproj", "{484A0416-27B6-47D9-B02F-AAC27D08605A}"
EndProject
Project("{FAE04EC0-301F-11D3-BF4B-00C04F79EFBC}") = "SampleApp.UWP", "SampleApp\SampleApp.UWP\SampleApp.UWP.csproj", "{9F8205B8-C299-4AA3-B81E-3DEEC9C42B73}"
EndProject
Project("{FAE04EC0-301F-11D3-BF4B-00C04F79EFBC}") = "SampleApp.iOS", "SampleApp\SampleApp.iOS\SampleApp.iOS.csproj", "{EEDC1177-EA01-4EED-B30A-8D9DCF904FAB}"
EndProject
Project("{FAE04EC0-301F-11D3-BF4B-00C04F79EFBC}") = "SampleApp.Windows", "SampleApp\SampleApp.Windows\SampleApp.Windows.csproj", "{6EC9B9C9-5194-47B2-8AD0-0B06FC46C9E6}"
EndProject
Project("{FAE04EC0-301F-11D3-BF4B-00C04F79EFBC}") = "SampleApp.WinPhone", "SampleApp\SampleApp.WinPhone\SampleApp.WinPhone.csproj", "{69C91E20-7F68-4E62-B30F-558CEF524730}"
EndProject
Project("{FAE04EC0-301F-11D3-BF4B-00C04F79EFBC}") = "Xam.Plugin.DeviceManager", "..\Xam.Plugin.DeviceManager\Xam.Plugin.DeviceManager.csproj", "{C46F1635-4F46-4463-ADC6-A41C058B4E8C}"
EndProject
Project("{FAE04EC0-301F-11D3-BF4B-00C04F79EFBC}") = "Xam.Plugin.DeviceManager.Droid", "..\Xam.Plugin.DeviceManager.Android\Xam.Plugin.DeviceManager.Droid.csproj", "{609B84E3-12E2-490F-A45D-44670BADB9DB}"
EndProject
Project("{FAE04EC0-301F-11D3-BF4B-00C04F79EFBC}") = "Xam.Plugin.DeviceManager.WinRT", "..\Xam.Plugin.DeviceManager.WinRT\Xam.Plugin.DeviceManager.WinRT.csproj", "{82122042-7A54-4E8F-ADF7-3213B0998884}"
EndProject
Project("{FAE04EC0-301F-11D3-BF4B-00C04F79EFBC}") = "Xam.Plugin.DeviceManager.UWP", "..\Xam.Plugin.DeviceManager.UWP\Xam.Plugin.DeviceManager.UWP.csproj", "{990F659C-BC72-49D0-A6F6-A4E449200885}"
EndProject
Project("{FAE04EC0-301F-11D3-BF4B-00C04F79EFBC}") = "Xam.Plugin.DeviceManager.iOS", "..\Xam.Plugin.DeviceManager.iOS\Xam.Plugin.DeviceManager.iOS.csproj", "{65B69815-3824-4E26-8B22-C43274720DE6}"
EndProject
Global
	GlobalSection(SolutionConfigurationPlatforms) = preSolution
		Ad-Hoc|Any CPU = Ad-Hoc|Any CPU
		Ad-Hoc|ARM = Ad-Hoc|ARM
		Ad-Hoc|iPhone = Ad-Hoc|iPhone
		Ad-Hoc|iPhoneSimulator = Ad-Hoc|iPhoneSimulator
		Ad-Hoc|x64 = Ad-Hoc|x64
		Ad-Hoc|x86 = Ad-Hoc|x86
		AppStore|Any CPU = AppStore|Any CPU
		AppStore|ARM = AppStore|ARM
		AppStore|iPhone = AppStore|iPhone
		AppStore|iPhoneSimulator = AppStore|iPhoneSimulator
		AppStore|x64 = AppStore|x64
		AppStore|x86 = AppStore|x86
		Debug|Any CPU = Debug|Any CPU
		Debug|ARM = Debug|ARM
		Debug|iPhone = Debug|iPhone
		Debug|iPhoneSimulator = Debug|iPhoneSimulator
		Debug|x64 = Debug|x64
		Debug|x86 = Debug|x86
		Release|Any CPU = Release|Any CPU
		Release|ARM = Release|ARM
		Release|iPhone = Release|iPhone
		Release|iPhoneSimulator = Release|iPhoneSimulator
		Release|x64 = Release|x64
		Release|x86 = Release|x86
	EndGlobalSection
	GlobalSection(ProjectConfigurationPlatforms) = postSolution
		{17F33D4C-4D1D-4D8F-9474-A041EAF018FE}.Ad-Hoc|Any CPU.ActiveCfg = Release|Any CPU
		{17F33D4C-4D1D-4D8F-9474-A041EAF018FE}.Ad-Hoc|Any CPU.Build.0 = Release|Any CPU
		{17F33D4C-4D1D-4D8F-9474-A041EAF018FE}.Ad-Hoc|Any CPU.Deploy.0 = Release|Any CPU
		{17F33D4C-4D1D-4D8F-9474-A041EAF018FE}.Ad-Hoc|ARM.ActiveCfg = Release|Any CPU
		{17F33D4C-4D1D-4D8F-9474-A041EAF018FE}.Ad-Hoc|ARM.Build.0 = Release|Any CPU
		{17F33D4C-4D1D-4D8F-9474-A041EAF018FE}.Ad-Hoc|ARM.Deploy.0 = Release|Any CPU
		{17F33D4C-4D1D-4D8F-9474-A041EAF018FE}.Ad-Hoc|iPhone.ActiveCfg = Release|Any CPU
		{17F33D4C-4D1D-4D8F-9474-A041EAF018FE}.Ad-Hoc|iPhone.Build.0 = Release|Any CPU
		{17F33D4C-4D1D-4D8F-9474-A041EAF018FE}.Ad-Hoc|iPhone.Deploy.0 = Release|Any CPU
		{17F33D4C-4D1D-4D8F-9474-A041EAF018FE}.Ad-Hoc|iPhoneSimulator.ActiveCfg = Release|Any CPU
		{17F33D4C-4D1D-4D8F-9474-A041EAF018FE}.Ad-Hoc|iPhoneSimulator.Build.0 = Release|Any CPU
		{17F33D4C-4D1D-4D8F-9474-A041EAF018FE}.Ad-Hoc|iPhoneSimulator.Deploy.0 = Release|Any CPU
		{17F33D4C-4D1D-4D8F-9474-A041EAF018FE}.Ad-Hoc|x64.ActiveCfg = Release|Any CPU
		{17F33D4C-4D1D-4D8F-9474-A041EAF018FE}.Ad-Hoc|x64.Build.0 = Release|Any CPU
		{17F33D4C-4D1D-4D8F-9474-A041EAF018FE}.Ad-Hoc|x64.Deploy.0 = Release|Any CPU
		{17F33D4C-4D1D-4D8F-9474-A041EAF018FE}.Ad-Hoc|x86.ActiveCfg = Release|Any CPU
		{17F33D4C-4D1D-4D8F-9474-A041EAF018FE}.Ad-Hoc|x86.Build.0 = Release|Any CPU
		{17F33D4C-4D1D-4D8F-9474-A041EAF018FE}.Ad-Hoc|x86.Deploy.0 = Release|Any CPU
		{17F33D4C-4D1D-4D8F-9474-A041EAF018FE}.AppStore|Any CPU.ActiveCfg = Release|Any CPU
		{17F33D4C-4D1D-4D8F-9474-A041EAF018FE}.AppStore|Any CPU.Build.0 = Release|Any CPU
		{17F33D4C-4D1D-4D8F-9474-A041EAF018FE}.AppStore|Any CPU.Deploy.0 = Release|Any CPU
		{17F33D4C-4D1D-4D8F-9474-A041EAF018FE}.AppStore|ARM.ActiveCfg = Release|Any CPU
		{17F33D4C-4D1D-4D8F-9474-A041EAF018FE}.AppStore|ARM.Build.0 = Release|Any CPU
		{17F33D4C-4D1D-4D8F-9474-A041EAF018FE}.AppStore|ARM.Deploy.0 = Release|Any CPU
		{17F33D4C-4D1D-4D8F-9474-A041EAF018FE}.AppStore|iPhone.ActiveCfg = Release|Any CPU
		{17F33D4C-4D1D-4D8F-9474-A041EAF018FE}.AppStore|iPhone.Build.0 = Release|Any CPU
		{17F33D4C-4D1D-4D8F-9474-A041EAF018FE}.AppStore|iPhone.Deploy.0 = Release|Any CPU
		{17F33D4C-4D1D-4D8F-9474-A041EAF018FE}.AppStore|iPhoneSimulator.ActiveCfg = Release|Any CPU
		{17F33D4C-4D1D-4D8F-9474-A041EAF018FE}.AppStore|iPhoneSimulator.Build.0 = Release|Any CPU
		{17F33D4C-4D1D-4D8F-9474-A041EAF018FE}.AppStore|iPhoneSimulator.Deploy.0 = Release|Any CPU
		{17F33D4C-4D1D-4D8F-9474-A041EAF018FE}.AppStore|x64.ActiveCfg = Release|Any CPU
		{17F33D4C-4D1D-4D8F-9474-A041EAF018FE}.AppStore|x64.Build.0 = Release|Any CPU
		{17F33D4C-4D1D-4D8F-9474-A041EAF018FE}.AppStore|x64.Deploy.0 = Release|Any CPU
		{17F33D4C-4D1D-4D8F-9474-A041EAF018FE}.AppStore|x86.ActiveCfg = Release|Any CPU
		{17F33D4C-4D1D-4D8F-9474-A041EAF018FE}.AppStore|x86.Build.0 = Release|Any CPU
		{17F33D4C-4D1D-4D8F-9474-A041EAF018FE}.AppStore|x86.Deploy.0 = Release|Any CPU
		{17F33D4C-4D1D-4D8F-9474-A041EAF018FE}.Debug|Any CPU.ActiveCfg = Debug|Any CPU
		{17F33D4C-4D1D-4D8F-9474-A041EAF018FE}.Debug|Any CPU.Build.0 = Debug|Any CPU
		{17F33D4C-4D1D-4D8F-9474-A041EAF018FE}.Debug|Any CPU.Deploy.0 = Debug|Any CPU
		{17F33D4C-4D1D-4D8F-9474-A041EAF018FE}.Debug|ARM.ActiveCfg = Debug|Any CPU
		{17F33D4C-4D1D-4D8F-9474-A041EAF018FE}.Debug|ARM.Build.0 = Debug|Any CPU
		{17F33D4C-4D1D-4D8F-9474-A041EAF018FE}.Debug|ARM.Deploy.0 = Debug|Any CPU
		{17F33D4C-4D1D-4D8F-9474-A041EAF018FE}.Debug|iPhone.ActiveCfg = Debug|Any CPU
		{17F33D4C-4D1D-4D8F-9474-A041EAF018FE}.Debug|iPhone.Build.0 = Debug|Any CPU
		{17F33D4C-4D1D-4D8F-9474-A041EAF018FE}.Debug|iPhone.Deploy.0 = Debug|Any CPU
		{17F33D4C-4D1D-4D8F-9474-A041EAF018FE}.Debug|iPhoneSimulator.ActiveCfg = Debug|Any CPU
		{17F33D4C-4D1D-4D8F-9474-A041EAF018FE}.Debug|iPhoneSimulator.Build.0 = Debug|Any CPU
		{17F33D4C-4D1D-4D8F-9474-A041EAF018FE}.Debug|iPhoneSimulator.Deploy.0 = Debug|Any CPU
		{17F33D4C-4D1D-4D8F-9474-A041EAF018FE}.Debug|x64.ActiveCfg = Debug|Any CPU
		{17F33D4C-4D1D-4D8F-9474-A041EAF018FE}.Debug|x64.Build.0 = Debug|Any CPU
		{17F33D4C-4D1D-4D8F-9474-A041EAF018FE}.Debug|x64.Deploy.0 = Debug|Any CPU
		{17F33D4C-4D1D-4D8F-9474-A041EAF018FE}.Debug|x86.ActiveCfg = Debug|Any CPU
		{17F33D4C-4D1D-4D8F-9474-A041EAF018FE}.Debug|x86.Build.0 = Debug|Any CPU
		{17F33D4C-4D1D-4D8F-9474-A041EAF018FE}.Debug|x86.Deploy.0 = Debug|Any CPU
		{17F33D4C-4D1D-4D8F-9474-A041EAF018FE}.Release|Any CPU.ActiveCfg = Release|Any CPU
		{17F33D4C-4D1D-4D8F-9474-A041EAF018FE}.Release|Any CPU.Build.0 = Release|Any CPU
		{17F33D4C-4D1D-4D8F-9474-A041EAF018FE}.Release|Any CPU.Deploy.0 = Release|Any CPU
		{17F33D4C-4D1D-4D8F-9474-A041EAF018FE}.Release|ARM.ActiveCfg = Release|Any CPU
		{17F33D4C-4D1D-4D8F-9474-A041EAF018FE}.Release|ARM.Build.0 = Release|Any CPU
		{17F33D4C-4D1D-4D8F-9474-A041EAF018FE}.Release|ARM.Deploy.0 = Release|Any CPU
		{17F33D4C-4D1D-4D8F-9474-A041EAF018FE}.Release|iPhone.ActiveCfg = Release|Any CPU
		{17F33D4C-4D1D-4D8F-9474-A041EAF018FE}.Release|iPhone.Build.0 = Release|Any CPU
		{17F33D4C-4D1D-4D8F-9474-A041EAF018FE}.Release|iPhone.Deploy.0 = Release|Any CPU
		{17F33D4C-4D1D-4D8F-9474-A041EAF018FE}.Release|iPhoneSimulator.ActiveCfg = Release|Any CPU
		{17F33D4C-4D1D-4D8F-9474-A041EAF018FE}.Release|iPhoneSimulator.Build.0 = Release|Any CPU
		{17F33D4C-4D1D-4D8F-9474-A041EAF018FE}.Release|iPhoneSimulator.Deploy.0 = Release|Any CPU
		{17F33D4C-4D1D-4D8F-9474-A041EAF018FE}.Release|x64.ActiveCfg = Release|Any CPU
		{17F33D4C-4D1D-4D8F-9474-A041EAF018FE}.Release|x64.Build.0 = Release|Any CPU
		{17F33D4C-4D1D-4D8F-9474-A041EAF018FE}.Release|x64.Deploy.0 = Release|Any CPU
		{17F33D4C-4D1D-4D8F-9474-A041EAF018FE}.Release|x86.ActiveCfg = Release|Any CPU
		{17F33D4C-4D1D-4D8F-9474-A041EAF018FE}.Release|x86.Build.0 = Release|Any CPU
		{17F33D4C-4D1D-4D8F-9474-A041EAF018FE}.Release|x86.Deploy.0 = Release|Any CPU
		{484A0416-27B6-47D9-B02F-AAC27D08605A}.Ad-Hoc|Any CPU.ActiveCfg = Release|Any CPU
		{484A0416-27B6-47D9-B02F-AAC27D08605A}.Ad-Hoc|Any CPU.Build.0 = Release|Any CPU
		{484A0416-27B6-47D9-B02F-AAC27D08605A}.Ad-Hoc|ARM.ActiveCfg = Release|Any CPU
		{484A0416-27B6-47D9-B02F-AAC27D08605A}.Ad-Hoc|ARM.Build.0 = Release|Any CPU
		{484A0416-27B6-47D9-B02F-AAC27D08605A}.Ad-Hoc|iPhone.ActiveCfg = Release|Any CPU
		{484A0416-27B6-47D9-B02F-AAC27D08605A}.Ad-Hoc|iPhone.Build.0 = Release|Any CPU
		{484A0416-27B6-47D9-B02F-AAC27D08605A}.Ad-Hoc|iPhoneSimulator.ActiveCfg = Release|Any CPU
		{484A0416-27B6-47D9-B02F-AAC27D08605A}.Ad-Hoc|iPhoneSimulator.Build.0 = Release|Any CPU
		{484A0416-27B6-47D9-B02F-AAC27D08605A}.Ad-Hoc|x64.ActiveCfg = Release|Any CPU
		{484A0416-27B6-47D9-B02F-AAC27D08605A}.Ad-Hoc|x64.Build.0 = Release|Any CPU
		{484A0416-27B6-47D9-B02F-AAC27D08605A}.Ad-Hoc|x86.ActiveCfg = Release|Any CPU
		{484A0416-27B6-47D9-B02F-AAC27D08605A}.Ad-Hoc|x86.Build.0 = Release|Any CPU
		{484A0416-27B6-47D9-B02F-AAC27D08605A}.AppStore|Any CPU.ActiveCfg = Release|Any CPU
		{484A0416-27B6-47D9-B02F-AAC27D08605A}.AppStore|Any CPU.Build.0 = Release|Any CPU
		{484A0416-27B6-47D9-B02F-AAC27D08605A}.AppStore|ARM.ActiveCfg = Release|Any CPU
		{484A0416-27B6-47D9-B02F-AAC27D08605A}.AppStore|ARM.Build.0 = Release|Any CPU
		{484A0416-27B6-47D9-B02F-AAC27D08605A}.AppStore|iPhone.ActiveCfg = Release|Any CPU
		{484A0416-27B6-47D9-B02F-AAC27D08605A}.AppStore|iPhone.Build.0 = Release|Any CPU
		{484A0416-27B6-47D9-B02F-AAC27D08605A}.AppStore|iPhoneSimulator.ActiveCfg = Release|Any CPU
		{484A0416-27B6-47D9-B02F-AAC27D08605A}.AppStore|iPhoneSimulator.Build.0 = Release|Any CPU
		{484A0416-27B6-47D9-B02F-AAC27D08605A}.AppStore|x64.ActiveCfg = Release|Any CPU
		{484A0416-27B6-47D9-B02F-AAC27D08605A}.AppStore|x64.Build.0 = Release|Any CPU
		{484A0416-27B6-47D9-B02F-AAC27D08605A}.AppStore|x86.ActiveCfg = Release|Any CPU
		{484A0416-27B6-47D9-B02F-AAC27D08605A}.AppStore|x86.Build.0 = Release|Any CPU
		{484A0416-27B6-47D9-B02F-AAC27D08605A}.Debug|Any CPU.ActiveCfg = Debug|Any CPU
		{484A0416-27B6-47D9-B02F-AAC27D08605A}.Debug|Any CPU.Build.0 = Debug|Any CPU
		{484A0416-27B6-47D9-B02F-AAC27D08605A}.Debug|ARM.ActiveCfg = Debug|Any CPU
		{484A0416-27B6-47D9-B02F-AAC27D08605A}.Debug|ARM.Build.0 = Debug|Any CPU
		{484A0416-27B6-47D9-B02F-AAC27D08605A}.Debug|iPhone.ActiveCfg = Debug|Any CPU
		{484A0416-27B6-47D9-B02F-AAC27D08605A}.Debug|iPhone.Build.0 = Debug|Any CPU
		{484A0416-27B6-47D9-B02F-AAC27D08605A}.Debug|iPhoneSimulator.ActiveCfg = Debug|Any CPU
		{484A0416-27B6-47D9-B02F-AAC27D08605A}.Debug|iPhoneSimulator.Build.0 = Debug|Any CPU
		{484A0416-27B6-47D9-B02F-AAC27D08605A}.Debug|x64.ActiveCfg = Debug|Any CPU
		{484A0416-27B6-47D9-B02F-AAC27D08605A}.Debug|x64.Build.0 = Debug|Any CPU
		{484A0416-27B6-47D9-B02F-AAC27D08605A}.Debug|x86.ActiveCfg = Debug|Any CPU
		{484A0416-27B6-47D9-B02F-AAC27D08605A}.Debug|x86.Build.0 = Debug|Any CPU
		{484A0416-27B6-47D9-B02F-AAC27D08605A}.Release|Any CPU.ActiveCfg = Release|Any CPU
		{484A0416-27B6-47D9-B02F-AAC27D08605A}.Release|Any CPU.Build.0 = Release|Any CPU
		{484A0416-27B6-47D9-B02F-AAC27D08605A}.Release|ARM.ActiveCfg = Release|Any CPU
		{484A0416-27B6-47D9-B02F-AAC27D08605A}.Release|ARM.Build.0 = Release|Any CPU
		{484A0416-27B6-47D9-B02F-AAC27D08605A}.Release|iPhone.ActiveCfg = Release|Any CPU
		{484A0416-27B6-47D9-B02F-AAC27D08605A}.Release|iPhone.Build.0 = Release|Any CPU
		{484A0416-27B6-47D9-B02F-AAC27D08605A}.Release|iPhoneSimulator.ActiveCfg = Release|Any CPU
		{484A0416-27B6-47D9-B02F-AAC27D08605A}.Release|iPhoneSimulator.Build.0 = Release|Any CPU
		{484A0416-27B6-47D9-B02F-AAC27D08605A}.Release|x64.ActiveCfg = Release|Any CPU
		{484A0416-27B6-47D9-B02F-AAC27D08605A}.Release|x64.Build.0 = Release|Any CPU
		{484A0416-27B6-47D9-B02F-AAC27D08605A}.Release|x86.ActiveCfg = Release|Any CPU
		{484A0416-27B6-47D9-B02F-AAC27D08605A}.Release|x86.Build.0 = Release|Any CPU
		{9F8205B8-C299-4AA3-B81E-3DEEC9C42B73}.Ad-Hoc|Any CPU.ActiveCfg = Release|x86
		{9F8205B8-C299-4AA3-B81E-3DEEC9C42B73}.Ad-Hoc|Any CPU.Build.0 = Release|x86
		{9F8205B8-C299-4AA3-B81E-3DEEC9C42B73}.Ad-Hoc|Any CPU.Deploy.0 = Release|x86
		{9F8205B8-C299-4AA3-B81E-3DEEC9C42B73}.Ad-Hoc|ARM.ActiveCfg = Release|ARM
		{9F8205B8-C299-4AA3-B81E-3DEEC9C42B73}.Ad-Hoc|ARM.Build.0 = Release|ARM
		{9F8205B8-C299-4AA3-B81E-3DEEC9C42B73}.Ad-Hoc|ARM.Deploy.0 = Release|ARM
		{9F8205B8-C299-4AA3-B81E-3DEEC9C42B73}.Ad-Hoc|iPhone.ActiveCfg = Release|x86
		{9F8205B8-C299-4AA3-B81E-3DEEC9C42B73}.Ad-Hoc|iPhone.Build.0 = Release|x86
		{9F8205B8-C299-4AA3-B81E-3DEEC9C42B73}.Ad-Hoc|iPhone.Deploy.0 = Release|x86
		{9F8205B8-C299-4AA3-B81E-3DEEC9C42B73}.Ad-Hoc|iPhoneSimulator.ActiveCfg = Release|x86
		{9F8205B8-C299-4AA3-B81E-3DEEC9C42B73}.Ad-Hoc|iPhoneSimulator.Build.0 = Release|x86
		{9F8205B8-C299-4AA3-B81E-3DEEC9C42B73}.Ad-Hoc|iPhoneSimulator.Deploy.0 = Release|x86
		{9F8205B8-C299-4AA3-B81E-3DEEC9C42B73}.Ad-Hoc|x64.ActiveCfg = Release|x64
		{9F8205B8-C299-4AA3-B81E-3DEEC9C42B73}.Ad-Hoc|x64.Build.0 = Release|x64
		{9F8205B8-C299-4AA3-B81E-3DEEC9C42B73}.Ad-Hoc|x64.Deploy.0 = Release|x64
		{9F8205B8-C299-4AA3-B81E-3DEEC9C42B73}.Ad-Hoc|x86.ActiveCfg = Release|x86
		{9F8205B8-C299-4AA3-B81E-3DEEC9C42B73}.Ad-Hoc|x86.Build.0 = Release|x86
		{9F8205B8-C299-4AA3-B81E-3DEEC9C42B73}.Ad-Hoc|x86.Deploy.0 = Release|x86
		{9F8205B8-C299-4AA3-B81E-3DEEC9C42B73}.AppStore|Any CPU.ActiveCfg = Release|x86
		{9F8205B8-C299-4AA3-B81E-3DEEC9C42B73}.AppStore|Any CPU.Build.0 = Release|x86
		{9F8205B8-C299-4AA3-B81E-3DEEC9C42B73}.AppStore|Any CPU.Deploy.0 = Release|x86
		{9F8205B8-C299-4AA3-B81E-3DEEC9C42B73}.AppStore|ARM.ActiveCfg = Release|ARM
		{9F8205B8-C299-4AA3-B81E-3DEEC9C42B73}.AppStore|ARM.Build.0 = Release|ARM
		{9F8205B8-C299-4AA3-B81E-3DEEC9C42B73}.AppStore|ARM.Deploy.0 = Release|ARM
		{9F8205B8-C299-4AA3-B81E-3DEEC9C42B73}.AppStore|iPhone.ActiveCfg = Release|x86
		{9F8205B8-C299-4AA3-B81E-3DEEC9C42B73}.AppStore|iPhone.Build.0 = Release|x86
		{9F8205B8-C299-4AA3-B81E-3DEEC9C42B73}.AppStore|iPhone.Deploy.0 = Release|x86
		{9F8205B8-C299-4AA3-B81E-3DEEC9C42B73}.AppStore|iPhoneSimulator.ActiveCfg = Release|x86
		{9F8205B8-C299-4AA3-B81E-3DEEC9C42B73}.AppStore|iPhoneSimulator.Build.0 = Release|x86
		{9F8205B8-C299-4AA3-B81E-3DEEC9C42B73}.AppStore|iPhoneSimulator.Deploy.0 = Release|x86
		{9F8205B8-C299-4AA3-B81E-3DEEC9C42B73}.AppStore|x64.ActiveCfg = Release|x64
		{9F8205B8-C299-4AA3-B81E-3DEEC9C42B73}.AppStore|x64.Build.0 = Release|x64
		{9F8205B8-C299-4AA3-B81E-3DEEC9C42B73}.AppStore|x64.Deploy.0 = Release|x64
		{9F8205B8-C299-4AA3-B81E-3DEEC9C42B73}.AppStore|x86.ActiveCfg = Release|x86
		{9F8205B8-C299-4AA3-B81E-3DEEC9C42B73}.AppStore|x86.Build.0 = Release|x86
		{9F8205B8-C299-4AA3-B81E-3DEEC9C42B73}.AppStore|x86.Deploy.0 = Release|x86
		{9F8205B8-C299-4AA3-B81E-3DEEC9C42B73}.Debug|Any CPU.ActiveCfg = Debug|x86
		{9F8205B8-C299-4AA3-B81E-3DEEC9C42B73}.Debug|Any CPU.Build.0 = Debug|x86
		{9F8205B8-C299-4AA3-B81E-3DEEC9C42B73}.Debug|Any CPU.Deploy.0 = Debug|x86
		{9F8205B8-C299-4AA3-B81E-3DEEC9C42B73}.Debug|ARM.ActiveCfg = Debug|ARM
		{9F8205B8-C299-4AA3-B81E-3DEEC9C42B73}.Debug|ARM.Build.0 = Debug|ARM
		{9F8205B8-C299-4AA3-B81E-3DEEC9C42B73}.Debug|ARM.Deploy.0 = Debug|ARM
		{9F8205B8-C299-4AA3-B81E-3DEEC9C42B73}.Debug|iPhone.ActiveCfg = Debug|x86
		{9F8205B8-C299-4AA3-B81E-3DEEC9C42B73}.Debug|iPhoneSimulator.ActiveCfg = Debug|x86
		{9F8205B8-C299-4AA3-B81E-3DEEC9C42B73}.Debug|x64.ActiveCfg = Debug|x64
		{9F8205B8-C299-4AA3-B81E-3DEEC9C42B73}.Debug|x64.Build.0 = Debug|x64
		{9F8205B8-C299-4AA3-B81E-3DEEC9C42B73}.Debug|x64.Deploy.0 = Debug|x64
		{9F8205B8-C299-4AA3-B81E-3DEEC9C42B73}.Debug|x86.ActiveCfg = Debug|x86
		{9F8205B8-C299-4AA3-B81E-3DEEC9C42B73}.Debug|x86.Build.0 = Debug|x86
		{9F8205B8-C299-4AA3-B81E-3DEEC9C42B73}.Debug|x86.Deploy.0 = Debug|x86
		{9F8205B8-C299-4AA3-B81E-3DEEC9C42B73}.Release|Any CPU.ActiveCfg = Release|x86
		{9F8205B8-C299-4AA3-B81E-3DEEC9C42B73}.Release|ARM.ActiveCfg = Release|ARM
		{9F8205B8-C299-4AA3-B81E-3DEEC9C42B73}.Release|ARM.Build.0 = Release|ARM
		{9F8205B8-C299-4AA3-B81E-3DEEC9C42B73}.Release|ARM.Deploy.0 = Release|ARM
		{9F8205B8-C299-4AA3-B81E-3DEEC9C42B73}.Release|iPhone.ActiveCfg = Release|x86
		{9F8205B8-C299-4AA3-B81E-3DEEC9C42B73}.Release|iPhoneSimulator.ActiveCfg = Release|x86
		{9F8205B8-C299-4AA3-B81E-3DEEC9C42B73}.Release|x64.ActiveCfg = Release|x64
		{9F8205B8-C299-4AA3-B81E-3DEEC9C42B73}.Release|x64.Build.0 = Release|x64
		{9F8205B8-C299-4AA3-B81E-3DEEC9C42B73}.Release|x64.Deploy.0 = Release|x64
		{9F8205B8-C299-4AA3-B81E-3DEEC9C42B73}.Release|x86.ActiveCfg = Release|x86
		{9F8205B8-C299-4AA3-B81E-3DEEC9C42B73}.Release|x86.Build.0 = Release|x86
		{9F8205B8-C299-4AA3-B81E-3DEEC9C42B73}.Release|x86.Deploy.0 = Release|x86
		{EEDC1177-EA01-4EED-B30A-8D9DCF904FAB}.Ad-Hoc|Any CPU.ActiveCfg = Ad-Hoc|iPhone
		{EEDC1177-EA01-4EED-B30A-8D9DCF904FAB}.Ad-Hoc|ARM.ActiveCfg = Ad-Hoc|iPhone
		{EEDC1177-EA01-4EED-B30A-8D9DCF904FAB}.Ad-Hoc|iPhone.ActiveCfg = Ad-Hoc|iPhone
		{EEDC1177-EA01-4EED-B30A-8D9DCF904FAB}.Ad-Hoc|iPhone.Build.0 = Ad-Hoc|iPhone
		{EEDC1177-EA01-4EED-B30A-8D9DCF904FAB}.Ad-Hoc|iPhoneSimulator.ActiveCfg = Ad-Hoc|iPhoneSimulator
		{EEDC1177-EA01-4EED-B30A-8D9DCF904FAB}.Ad-Hoc|iPhoneSimulator.Build.0 = Ad-Hoc|iPhoneSimulator
		{EEDC1177-EA01-4EED-B30A-8D9DCF904FAB}.Ad-Hoc|x64.ActiveCfg = Ad-Hoc|iPhone
		{EEDC1177-EA01-4EED-B30A-8D9DCF904FAB}.Ad-Hoc|x86.ActiveCfg = Ad-Hoc|iPhone
		{EEDC1177-EA01-4EED-B30A-8D9DCF904FAB}.AppStore|Any CPU.ActiveCfg = AppStore|iPhone
		{EEDC1177-EA01-4EED-B30A-8D9DCF904FAB}.AppStore|ARM.ActiveCfg = AppStore|iPhone
		{EEDC1177-EA01-4EED-B30A-8D9DCF904FAB}.AppStore|iPhone.ActiveCfg = AppStore|iPhone
		{EEDC1177-EA01-4EED-B30A-8D9DCF904FAB}.AppStore|iPhone.Build.0 = AppStore|iPhone
		{EEDC1177-EA01-4EED-B30A-8D9DCF904FAB}.AppStore|iPhoneSimulator.ActiveCfg = AppStore|iPhoneSimulator
		{EEDC1177-EA01-4EED-B30A-8D9DCF904FAB}.AppStore|iPhoneSimulator.Build.0 = AppStore|iPhoneSimulator
		{EEDC1177-EA01-4EED-B30A-8D9DCF904FAB}.AppStore|x64.ActiveCfg = AppStore|iPhone
		{EEDC1177-EA01-4EED-B30A-8D9DCF904FAB}.AppStore|x86.ActiveCfg = AppStore|iPhone
		{EEDC1177-EA01-4EED-B30A-8D9DCF904FAB}.Debug|Any CPU.ActiveCfg = Debug|iPhone
		{EEDC1177-EA01-4EED-B30A-8D9DCF904FAB}.Debug|ARM.ActiveCfg = Debug|iPhone
		{EEDC1177-EA01-4EED-B30A-8D9DCF904FAB}.Debug|iPhone.ActiveCfg = Debug|iPhone
		{EEDC1177-EA01-4EED-B30A-8D9DCF904FAB}.Debug|iPhone.Build.0 = Debug|iPhone
		{EEDC1177-EA01-4EED-B30A-8D9DCF904FAB}.Debug|iPhoneSimulator.ActiveCfg = Debug|iPhoneSimulator
		{EEDC1177-EA01-4EED-B30A-8D9DCF904FAB}.Debug|iPhoneSimulator.Build.0 = Debug|iPhoneSimulator
		{EEDC1177-EA01-4EED-B30A-8D9DCF904FAB}.Debug|x64.ActiveCfg = Debug|iPhone
		{EEDC1177-EA01-4EED-B30A-8D9DCF904FAB}.Debug|x86.ActiveCfg = Debug|iPhone
		{EEDC1177-EA01-4EED-B30A-8D9DCF904FAB}.Release|Any CPU.ActiveCfg = Release|iPhone
		{EEDC1177-EA01-4EED-B30A-8D9DCF904FAB}.Release|ARM.ActiveCfg = Release|iPhone
		{EEDC1177-EA01-4EED-B30A-8D9DCF904FAB}.Release|iPhone.ActiveCfg = Release|iPhone
		{EEDC1177-EA01-4EED-B30A-8D9DCF904FAB}.Release|iPhone.Build.0 = Release|iPhone
		{EEDC1177-EA01-4EED-B30A-8D9DCF904FAB}.Release|iPhoneSimulator.ActiveCfg = Release|iPhoneSimulator
		{EEDC1177-EA01-4EED-B30A-8D9DCF904FAB}.Release|iPhoneSimulator.Build.0 = Release|iPhoneSimulator
		{EEDC1177-EA01-4EED-B30A-8D9DCF904FAB}.Release|x64.ActiveCfg = Release|iPhone
		{EEDC1177-EA01-4EED-B30A-8D9DCF904FAB}.Release|x86.ActiveCfg = Release|iPhone
		{6EC9B9C9-5194-47B2-8AD0-0B06FC46C9E6}.Ad-Hoc|Any CPU.ActiveCfg = Release|Any CPU
		{6EC9B9C9-5194-47B2-8AD0-0B06FC46C9E6}.Ad-Hoc|Any CPU.Build.0 = Release|Any CPU
		{6EC9B9C9-5194-47B2-8AD0-0B06FC46C9E6}.Ad-Hoc|Any CPU.Deploy.0 = Release|Any CPU
		{6EC9B9C9-5194-47B2-8AD0-0B06FC46C9E6}.Ad-Hoc|ARM.ActiveCfg = Release|ARM
		{6EC9B9C9-5194-47B2-8AD0-0B06FC46C9E6}.Ad-Hoc|ARM.Build.0 = Release|ARM
		{6EC9B9C9-5194-47B2-8AD0-0B06FC46C9E6}.Ad-Hoc|ARM.Deploy.0 = Release|ARM
		{6EC9B9C9-5194-47B2-8AD0-0B06FC46C9E6}.Ad-Hoc|iPhone.ActiveCfg = Release|Any CPU
		{6EC9B9C9-5194-47B2-8AD0-0B06FC46C9E6}.Ad-Hoc|iPhone.Build.0 = Release|Any CPU
		{6EC9B9C9-5194-47B2-8AD0-0B06FC46C9E6}.Ad-Hoc|iPhone.Deploy.0 = Release|Any CPU
		{6EC9B9C9-5194-47B2-8AD0-0B06FC46C9E6}.Ad-Hoc|iPhoneSimulator.ActiveCfg = Release|Any CPU
		{6EC9B9C9-5194-47B2-8AD0-0B06FC46C9E6}.Ad-Hoc|iPhoneSimulator.Build.0 = Release|Any CPU
		{6EC9B9C9-5194-47B2-8AD0-0B06FC46C9E6}.Ad-Hoc|iPhoneSimulator.Deploy.0 = Release|Any CPU
		{6EC9B9C9-5194-47B2-8AD0-0B06FC46C9E6}.Ad-Hoc|x64.ActiveCfg = Release|x64
		{6EC9B9C9-5194-47B2-8AD0-0B06FC46C9E6}.Ad-Hoc|x64.Build.0 = Release|x64
		{6EC9B9C9-5194-47B2-8AD0-0B06FC46C9E6}.Ad-Hoc|x64.Deploy.0 = Release|x64
		{6EC9B9C9-5194-47B2-8AD0-0B06FC46C9E6}.Ad-Hoc|x86.ActiveCfg = Release|x86
		{6EC9B9C9-5194-47B2-8AD0-0B06FC46C9E6}.Ad-Hoc|x86.Build.0 = Release|x86
		{6EC9B9C9-5194-47B2-8AD0-0B06FC46C9E6}.Ad-Hoc|x86.Deploy.0 = Release|x86
		{6EC9B9C9-5194-47B2-8AD0-0B06FC46C9E6}.AppStore|Any CPU.ActiveCfg = Release|Any CPU
		{6EC9B9C9-5194-47B2-8AD0-0B06FC46C9E6}.AppStore|Any CPU.Build.0 = Release|Any CPU
		{6EC9B9C9-5194-47B2-8AD0-0B06FC46C9E6}.AppStore|Any CPU.Deploy.0 = Release|Any CPU
		{6EC9B9C9-5194-47B2-8AD0-0B06FC46C9E6}.AppStore|ARM.ActiveCfg = Release|ARM
		{6EC9B9C9-5194-47B2-8AD0-0B06FC46C9E6}.AppStore|ARM.Build.0 = Release|ARM
		{6EC9B9C9-5194-47B2-8AD0-0B06FC46C9E6}.AppStore|ARM.Deploy.0 = Release|ARM
		{6EC9B9C9-5194-47B2-8AD0-0B06FC46C9E6}.AppStore|iPhone.ActiveCfg = Release|Any CPU
		{6EC9B9C9-5194-47B2-8AD0-0B06FC46C9E6}.AppStore|iPhone.Build.0 = Release|Any CPU
		{6EC9B9C9-5194-47B2-8AD0-0B06FC46C9E6}.AppStore|iPhone.Deploy.0 = Release|Any CPU
		{6EC9B9C9-5194-47B2-8AD0-0B06FC46C9E6}.AppStore|iPhoneSimulator.ActiveCfg = Release|Any CPU
		{6EC9B9C9-5194-47B2-8AD0-0B06FC46C9E6}.AppStore|iPhoneSimulator.Build.0 = Release|Any CPU
		{6EC9B9C9-5194-47B2-8AD0-0B06FC46C9E6}.AppStore|iPhoneSimulator.Deploy.0 = Release|Any CPU
		{6EC9B9C9-5194-47B2-8AD0-0B06FC46C9E6}.AppStore|x64.ActiveCfg = Release|x64
		{6EC9B9C9-5194-47B2-8AD0-0B06FC46C9E6}.AppStore|x64.Build.0 = Release|x64
		{6EC9B9C9-5194-47B2-8AD0-0B06FC46C9E6}.AppStore|x64.Deploy.0 = Release|x64
		{6EC9B9C9-5194-47B2-8AD0-0B06FC46C9E6}.AppStore|x86.ActiveCfg = Release|x86
		{6EC9B9C9-5194-47B2-8AD0-0B06FC46C9E6}.AppStore|x86.Build.0 = Release|x86
		{6EC9B9C9-5194-47B2-8AD0-0B06FC46C9E6}.AppStore|x86.Deploy.0 = Release|x86
		{6EC9B9C9-5194-47B2-8AD0-0B06FC46C9E6}.Debug|Any CPU.ActiveCfg = Debug|Any CPU
		{6EC9B9C9-5194-47B2-8AD0-0B06FC46C9E6}.Debug|Any CPU.Build.0 = Debug|Any CPU
		{6EC9B9C9-5194-47B2-8AD0-0B06FC46C9E6}.Debug|Any CPU.Deploy.0 = Debug|Any CPU
		{6EC9B9C9-5194-47B2-8AD0-0B06FC46C9E6}.Debug|ARM.ActiveCfg = Debug|ARM
		{6EC9B9C9-5194-47B2-8AD0-0B06FC46C9E6}.Debug|ARM.Build.0 = Debug|ARM
		{6EC9B9C9-5194-47B2-8AD0-0B06FC46C9E6}.Debug|ARM.Deploy.0 = Debug|ARM
		{6EC9B9C9-5194-47B2-8AD0-0B06FC46C9E6}.Debug|iPhone.ActiveCfg = Debug|Any CPU
		{6EC9B9C9-5194-47B2-8AD0-0B06FC46C9E6}.Debug|iPhone.Build.0 = Debug|Any CPU
		{6EC9B9C9-5194-47B2-8AD0-0B06FC46C9E6}.Debug|iPhone.Deploy.0 = Debug|Any CPU
		{6EC9B9C9-5194-47B2-8AD0-0B06FC46C9E6}.Debug|iPhoneSimulator.ActiveCfg = Debug|Any CPU
		{6EC9B9C9-5194-47B2-8AD0-0B06FC46C9E6}.Debug|iPhoneSimulator.Build.0 = Debug|Any CPU
		{6EC9B9C9-5194-47B2-8AD0-0B06FC46C9E6}.Debug|iPhoneSimulator.Deploy.0 = Debug|Any CPU
		{6EC9B9C9-5194-47B2-8AD0-0B06FC46C9E6}.Debug|x64.ActiveCfg = Debug|x64
		{6EC9B9C9-5194-47B2-8AD0-0B06FC46C9E6}.Debug|x64.Build.0 = Debug|x64
		{6EC9B9C9-5194-47B2-8AD0-0B06FC46C9E6}.Debug|x64.Deploy.0 = Debug|x64
		{6EC9B9C9-5194-47B2-8AD0-0B06FC46C9E6}.Debug|x86.ActiveCfg = Debug|x86
		{6EC9B9C9-5194-47B2-8AD0-0B06FC46C9E6}.Debug|x86.Build.0 = Debug|x86
		{6EC9B9C9-5194-47B2-8AD0-0B06FC46C9E6}.Debug|x86.Deploy.0 = Debug|x86
		{6EC9B9C9-5194-47B2-8AD0-0B06FC46C9E6}.Release|Any CPU.ActiveCfg = Release|Any CPU
		{6EC9B9C9-5194-47B2-8AD0-0B06FC46C9E6}.Release|Any CPU.Build.0 = Release|Any CPU
		{6EC9B9C9-5194-47B2-8AD0-0B06FC46C9E6}.Release|Any CPU.Deploy.0 = Release|Any CPU
		{6EC9B9C9-5194-47B2-8AD0-0B06FC46C9E6}.Release|ARM.ActiveCfg = Release|ARM
		{6EC9B9C9-5194-47B2-8AD0-0B06FC46C9E6}.Release|ARM.Build.0 = Release|ARM
		{6EC9B9C9-5194-47B2-8AD0-0B06FC46C9E6}.Release|ARM.Deploy.0 = Release|ARM
		{6EC9B9C9-5194-47B2-8AD0-0B06FC46C9E6}.Release|iPhone.ActiveCfg = Release|Any CPU
		{6EC9B9C9-5194-47B2-8AD0-0B06FC46C9E6}.Release|iPhone.Build.0 = Release|Any CPU
		{6EC9B9C9-5194-47B2-8AD0-0B06FC46C9E6}.Release|iPhone.Deploy.0 = Release|Any CPU
		{6EC9B9C9-5194-47B2-8AD0-0B06FC46C9E6}.Release|iPhoneSimulator.ActiveCfg = Release|Any CPU
		{6EC9B9C9-5194-47B2-8AD0-0B06FC46C9E6}.Release|iPhoneSimulator.Build.0 = Release|Any CPU
		{6EC9B9C9-5194-47B2-8AD0-0B06FC46C9E6}.Release|iPhoneSimulator.Deploy.0 = Release|Any CPU
		{6EC9B9C9-5194-47B2-8AD0-0B06FC46C9E6}.Release|x64.ActiveCfg = Release|x64
		{6EC9B9C9-5194-47B2-8AD0-0B06FC46C9E6}.Release|x64.Build.0 = Release|x64
		{6EC9B9C9-5194-47B2-8AD0-0B06FC46C9E6}.Release|x64.Deploy.0 = Release|x64
		{6EC9B9C9-5194-47B2-8AD0-0B06FC46C9E6}.Release|x86.ActiveCfg = Release|x86
		{6EC9B9C9-5194-47B2-8AD0-0B06FC46C9E6}.Release|x86.Build.0 = Release|x86
		{6EC9B9C9-5194-47B2-8AD0-0B06FC46C9E6}.Release|x86.Deploy.0 = Release|x86
		{69C91E20-7F68-4E62-B30F-558CEF524730}.Ad-Hoc|Any CPU.ActiveCfg = Release|Any CPU
		{69C91E20-7F68-4E62-B30F-558CEF524730}.Ad-Hoc|Any CPU.Build.0 = Release|Any CPU
		{69C91E20-7F68-4E62-B30F-558CEF524730}.Ad-Hoc|Any CPU.Deploy.0 = Release|Any CPU
		{69C91E20-7F68-4E62-B30F-558CEF524730}.Ad-Hoc|ARM.ActiveCfg = Release|ARM
		{69C91E20-7F68-4E62-B30F-558CEF524730}.Ad-Hoc|ARM.Build.0 = Release|ARM
		{69C91E20-7F68-4E62-B30F-558CEF524730}.Ad-Hoc|ARM.Deploy.0 = Release|ARM
		{69C91E20-7F68-4E62-B30F-558CEF524730}.Ad-Hoc|iPhone.ActiveCfg = Release|Any CPU
		{69C91E20-7F68-4E62-B30F-558CEF524730}.Ad-Hoc|iPhone.Build.0 = Release|Any CPU
		{69C91E20-7F68-4E62-B30F-558CEF524730}.Ad-Hoc|iPhone.Deploy.0 = Release|Any CPU
		{69C91E20-7F68-4E62-B30F-558CEF524730}.Ad-Hoc|iPhoneSimulator.ActiveCfg = Release|Any CPU
		{69C91E20-7F68-4E62-B30F-558CEF524730}.Ad-Hoc|iPhoneSimulator.Build.0 = Release|Any CPU
		{69C91E20-7F68-4E62-B30F-558CEF524730}.Ad-Hoc|iPhoneSimulator.Deploy.0 = Release|Any CPU
		{69C91E20-7F68-4E62-B30F-558CEF524730}.Ad-Hoc|x64.ActiveCfg = Release|Any CPU
		{69C91E20-7F68-4E62-B30F-558CEF524730}.Ad-Hoc|x64.Build.0 = Release|Any CPU
		{69C91E20-7F68-4E62-B30F-558CEF524730}.Ad-Hoc|x64.Deploy.0 = Release|Any CPU
		{69C91E20-7F68-4E62-B30F-558CEF524730}.Ad-Hoc|x86.ActiveCfg = Release|x86
		{69C91E20-7F68-4E62-B30F-558CEF524730}.Ad-Hoc|x86.Build.0 = Release|x86
		{69C91E20-7F68-4E62-B30F-558CEF524730}.Ad-Hoc|x86.Deploy.0 = Release|x86
		{69C91E20-7F68-4E62-B30F-558CEF524730}.AppStore|Any CPU.ActiveCfg = Release|Any CPU
		{69C91E20-7F68-4E62-B30F-558CEF524730}.AppStore|Any CPU.Build.0 = Release|Any CPU
		{69C91E20-7F68-4E62-B30F-558CEF524730}.AppStore|Any CPU.Deploy.0 = Release|Any CPU
		{69C91E20-7F68-4E62-B30F-558CEF524730}.AppStore|ARM.ActiveCfg = Release|ARM
		{69C91E20-7F68-4E62-B30F-558CEF524730}.AppStore|ARM.Build.0 = Release|ARM
		{69C91E20-7F68-4E62-B30F-558CEF524730}.AppStore|ARM.Deploy.0 = Release|ARM
		{69C91E20-7F68-4E62-B30F-558CEF524730}.AppStore|iPhone.ActiveCfg = Release|Any CPU
		{69C91E20-7F68-4E62-B30F-558CEF524730}.AppStore|iPhone.Build.0 = Release|Any CPU
		{69C91E20-7F68-4E62-B30F-558CEF524730}.AppStore|iPhone.Deploy.0 = Release|Any CPU
		{69C91E20-7F68-4E62-B30F-558CEF524730}.AppStore|iPhoneSimulator.ActiveCfg = Release|Any CPU
		{69C91E20-7F68-4E62-B30F-558CEF524730}.AppStore|iPhoneSimulator.Build.0 = Release|Any CPU
		{69C91E20-7F68-4E62-B30F-558CEF524730}.AppStore|iPhoneSimulator.Deploy.0 = Release|Any CPU
		{69C91E20-7F68-4E62-B30F-558CEF524730}.AppStore|x64.ActiveCfg = Release|Any CPU
		{69C91E20-7F68-4E62-B30F-558CEF524730}.AppStore|x64.Build.0 = Release|Any CPU
		{69C91E20-7F68-4E62-B30F-558CEF524730}.AppStore|x64.Deploy.0 = Release|Any CPU
		{69C91E20-7F68-4E62-B30F-558CEF524730}.AppStore|x86.ActiveCfg = Release|x86
		{69C91E20-7F68-4E62-B30F-558CEF524730}.AppStore|x86.Build.0 = Release|x86
		{69C91E20-7F68-4E62-B30F-558CEF524730}.AppStore|x86.Deploy.0 = Release|x86
		{69C91E20-7F68-4E62-B30F-558CEF524730}.Debug|Any CPU.ActiveCfg = Debug|Any CPU
		{69C91E20-7F68-4E62-B30F-558CEF524730}.Debug|Any CPU.Build.0 = Debug|Any CPU
		{69C91E20-7F68-4E62-B30F-558CEF524730}.Debug|Any CPU.Deploy.0 = Debug|Any CPU
		{69C91E20-7F68-4E62-B30F-558CEF524730}.Debug|ARM.ActiveCfg = Debug|ARM
		{69C91E20-7F68-4E62-B30F-558CEF524730}.Debug|ARM.Build.0 = Debug|ARM
		{69C91E20-7F68-4E62-B30F-558CEF524730}.Debug|ARM.Deploy.0 = Debug|ARM
		{69C91E20-7F68-4E62-B30F-558CEF524730}.Debug|iPhone.ActiveCfg = Debug|Any CPU
		{69C91E20-7F68-4E62-B30F-558CEF524730}.Debug|iPhone.Build.0 = Debug|Any CPU
		{69C91E20-7F68-4E62-B30F-558CEF524730}.Debug|iPhone.Deploy.0 = Debug|Any CPU
		{69C91E20-7F68-4E62-B30F-558CEF524730}.Debug|iPhoneSimulator.ActiveCfg = Debug|Any CPU
		{69C91E20-7F68-4E62-B30F-558CEF524730}.Debug|iPhoneSimulator.Build.0 = Debug|Any CPU
		{69C91E20-7F68-4E62-B30F-558CEF524730}.Debug|iPhoneSimulator.Deploy.0 = Debug|Any CPU
		{69C91E20-7F68-4E62-B30F-558CEF524730}.Debug|x64.ActiveCfg = Debug|Any CPU
		{69C91E20-7F68-4E62-B30F-558CEF524730}.Debug|x64.Build.0 = Debug|Any CPU
		{69C91E20-7F68-4E62-B30F-558CEF524730}.Debug|x64.Deploy.0 = Debug|Any CPU
		{69C91E20-7F68-4E62-B30F-558CEF524730}.Debug|x86.ActiveCfg = Debug|x86
		{69C91E20-7F68-4E62-B30F-558CEF524730}.Debug|x86.Build.0 = Debug|x86
		{69C91E20-7F68-4E62-B30F-558CEF524730}.Debug|x86.Deploy.0 = Debug|x86
		{69C91E20-7F68-4E62-B30F-558CEF524730}.Release|Any CPU.ActiveCfg = Release|Any CPU
		{69C91E20-7F68-4E62-B30F-558CEF524730}.Release|Any CPU.Build.0 = Release|Any CPU
		{69C91E20-7F68-4E62-B30F-558CEF524730}.Release|Any CPU.Deploy.0 = Release|Any CPU
		{69C91E20-7F68-4E62-B30F-558CEF524730}.Release|ARM.ActiveCfg = Release|ARM
		{69C91E20-7F68-4E62-B30F-558CEF524730}.Release|ARM.Build.0 = Release|ARM
		{69C91E20-7F68-4E62-B30F-558CEF524730}.Release|ARM.Deploy.0 = Release|ARM
		{69C91E20-7F68-4E62-B30F-558CEF524730}.Release|iPhone.ActiveCfg = Release|Any CPU
		{69C91E20-7F68-4E62-B30F-558CEF524730}.Release|iPhone.Build.0 = Release|Any CPU
		{69C91E20-7F68-4E62-B30F-558CEF524730}.Release|iPhone.Deploy.0 = Release|Any CPU
		{69C91E20-7F68-4E62-B30F-558CEF524730}.Release|iPhoneSimulator.ActiveCfg = Release|Any CPU
		{69C91E20-7F68-4E62-B30F-558CEF524730}.Release|iPhoneSimulator.Build.0 = Release|Any CPU
		{69C91E20-7F68-4E62-B30F-558CEF524730}.Release|iPhoneSimulator.Deploy.0 = Release|Any CPU
		{69C91E20-7F68-4E62-B30F-558CEF524730}.Release|x64.ActiveCfg = Release|Any CPU
		{69C91E20-7F68-4E62-B30F-558CEF524730}.Release|x64.Build.0 = Release|Any CPU
		{69C91E20-7F68-4E62-B30F-558CEF524730}.Release|x64.Deploy.0 = Release|Any CPU
		{69C91E20-7F68-4E62-B30F-558CEF524730}.Release|x86.ActiveCfg = Release|x86
		{69C91E20-7F68-4E62-B30F-558CEF524730}.Release|x86.Build.0 = Release|x86
		{69C91E20-7F68-4E62-B30F-558CEF524730}.Release|x86.Deploy.0 = Release|x86
		{C46F1635-4F46-4463-ADC6-A41C058B4E8C}.Ad-Hoc|Any CPU.ActiveCfg = Release|Any CPU
		{C46F1635-4F46-4463-ADC6-A41C058B4E8C}.Ad-Hoc|Any CPU.Build.0 = Release|Any CPU
		{C46F1635-4F46-4463-ADC6-A41C058B4E8C}.Ad-Hoc|ARM.ActiveCfg = Release|Any CPU
		{C46F1635-4F46-4463-ADC6-A41C058B4E8C}.Ad-Hoc|ARM.Build.0 = Release|Any CPU
		{C46F1635-4F46-4463-ADC6-A41C058B4E8C}.Ad-Hoc|iPhone.ActiveCfg = Release|Any CPU
		{C46F1635-4F46-4463-ADC6-A41C058B4E8C}.Ad-Hoc|iPhone.Build.0 = Release|Any CPU
		{C46F1635-4F46-4463-ADC6-A41C058B4E8C}.Ad-Hoc|iPhoneSimulator.ActiveCfg = Release|Any CPU
		{C46F1635-4F46-4463-ADC6-A41C058B4E8C}.Ad-Hoc|iPhoneSimulator.Build.0 = Release|Any CPU
		{C46F1635-4F46-4463-ADC6-A41C058B4E8C}.Ad-Hoc|x64.ActiveCfg = Release|Any CPU
		{C46F1635-4F46-4463-ADC6-A41C058B4E8C}.Ad-Hoc|x64.Build.0 = Release|Any CPU
		{C46F1635-4F46-4463-ADC6-A41C058B4E8C}.Ad-Hoc|x86.ActiveCfg = Release|Any CPU
		{C46F1635-4F46-4463-ADC6-A41C058B4E8C}.Ad-Hoc|x86.Build.0 = Release|Any CPU
		{C46F1635-4F46-4463-ADC6-A41C058B4E8C}.AppStore|Any CPU.ActiveCfg = Release|Any CPU
		{C46F1635-4F46-4463-ADC6-A41C058B4E8C}.AppStore|Any CPU.Build.0 = Release|Any CPU
		{C46F1635-4F46-4463-ADC6-A41C058B4E8C}.AppStore|ARM.ActiveCfg = Release|Any CPU
		{C46F1635-4F46-4463-ADC6-A41C058B4E8C}.AppStore|ARM.Build.0 = Release|Any CPU
		{C46F1635-4F46-4463-ADC6-A41C058B4E8C}.AppStore|iPhone.ActiveCfg = Release|Any CPU
		{C46F1635-4F46-4463-ADC6-A41C058B4E8C}.AppStore|iPhone.Build.0 = Release|Any CPU
		{C46F1635-4F46-4463-ADC6-A41C058B4E8C}.AppStore|iPhoneSimulator.ActiveCfg = Release|Any CPU
		{C46F1635-4F46-4463-ADC6-A41C058B4E8C}.AppStore|iPhoneSimulator.Build.0 = Release|Any CPU
		{C46F1635-4F46-4463-ADC6-A41C058B4E8C}.AppStore|x64.ActiveCfg = Release|Any CPU
		{C46F1635-4F46-4463-ADC6-A41C058B4E8C}.AppStore|x64.Build.0 = Release|Any CPU
		{C46F1635-4F46-4463-ADC6-A41C058B4E8C}.AppStore|x86.ActiveCfg = Release|Any CPU
		{C46F1635-4F46-4463-ADC6-A41C058B4E8C}.AppStore|x86.Build.0 = Release|Any CPU
		{C46F1635-4F46-4463-ADC6-A41C058B4E8C}.Debug|Any CPU.ActiveCfg = Debug|Any CPU
		{C46F1635-4F46-4463-ADC6-A41C058B4E8C}.Debug|Any CPU.Build.0 = Debug|Any CPU
		{C46F1635-4F46-4463-ADC6-A41C058B4E8C}.Debug|ARM.ActiveCfg = Debug|Any CPU
		{C46F1635-4F46-4463-ADC6-A41C058B4E8C}.Debug|ARM.Build.0 = Debug|Any CPU
		{C46F1635-4F46-4463-ADC6-A41C058B4E8C}.Debug|iPhone.ActiveCfg = Debug|Any CPU
		{C46F1635-4F46-4463-ADC6-A41C058B4E8C}.Debug|iPhone.Build.0 = Debug|Any CPU
		{C46F1635-4F46-4463-ADC6-A41C058B4E8C}.Debug|iPhoneSimulator.ActiveCfg = Debug|Any CPU
		{C46F1635-4F46-4463-ADC6-A41C058B4E8C}.Debug|iPhoneSimulator.Build.0 = Debug|Any CPU
		{C46F1635-4F46-4463-ADC6-A41C058B4E8C}.Debug|x64.ActiveCfg = Debug|Any CPU
		{C46F1635-4F46-4463-ADC6-A41C058B4E8C}.Debug|x64.Build.0 = Debug|Any CPU
		{C46F1635-4F46-4463-ADC6-A41C058B4E8C}.Debug|x86.ActiveCfg = Debug|Any CPU
		{C46F1635-4F46-4463-ADC6-A41C058B4E8C}.Debug|x86.Build.0 = Debug|Any CPU
		{C46F1635-4F46-4463-ADC6-A41C058B4E8C}.Release|Any CPU.ActiveCfg = Release|Any CPU
		{C46F1635-4F46-4463-ADC6-A41C058B4E8C}.Release|Any CPU.Build.0 = Release|Any CPU
		{C46F1635-4F46-4463-ADC6-A41C058B4E8C}.Release|ARM.ActiveCfg = Release|Any CPU
		{C46F1635-4F46-4463-ADC6-A41C058B4E8C}.Release|ARM.Build.0 = Release|Any CPU
		{C46F1635-4F46-4463-ADC6-A41C058B4E8C}.Release|iPhone.ActiveCfg = Release|Any CPU
		{C46F1635-4F46-4463-ADC6-A41C058B4E8C}.Release|iPhone.Build.0 = Release|Any CPU
		{C46F1635-4F46-4463-ADC6-A41C058B4E8C}.Release|iPhoneSimulator.ActiveCfg = Release|Any CPU
		{C46F1635-4F46-4463-ADC6-A41C058B4E8C}.Release|iPhoneSimulator.Build.0 = Release|Any CPU
		{C46F1635-4F46-4463-ADC6-A41C058B4E8C}.Release|x64.ActiveCfg = Release|Any CPU
		{C46F1635-4F46-4463-ADC6-A41C058B4E8C}.Release|x64.Build.0 = Release|Any CPU
		{C46F1635-4F46-4463-ADC6-A41C058B4E8C}.Release|x86.ActiveCfg = Release|Any CPU
		{C46F1635-4F46-4463-ADC6-A41C058B4E8C}.Release|x86.Build.0 = Release|Any CPU
		{609B84E3-12E2-490F-A45D-44670BADB9DB}.Ad-Hoc|Any CPU.ActiveCfg = Release|Any CPU
		{609B84E3-12E2-490F-A45D-44670BADB9DB}.Ad-Hoc|Any CPU.Build.0 = Release|Any CPU
		{609B84E3-12E2-490F-A45D-44670BADB9DB}.Ad-Hoc|ARM.ActiveCfg = Release|Any CPU
		{609B84E3-12E2-490F-A45D-44670BADB9DB}.Ad-Hoc|ARM.Build.0 = Release|Any CPU
		{609B84E3-12E2-490F-A45D-44670BADB9DB}.Ad-Hoc|iPhone.ActiveCfg = Release|Any CPU
		{609B84E3-12E2-490F-A45D-44670BADB9DB}.Ad-Hoc|iPhone.Build.0 = Release|Any CPU
		{609B84E3-12E2-490F-A45D-44670BADB9DB}.Ad-Hoc|iPhoneSimulator.ActiveCfg = Release|Any CPU
		{609B84E3-12E2-490F-A45D-44670BADB9DB}.Ad-Hoc|iPhoneSimulator.Build.0 = Release|Any CPU
		{609B84E3-12E2-490F-A45D-44670BADB9DB}.Ad-Hoc|x64.ActiveCfg = Release|Any CPU
		{609B84E3-12E2-490F-A45D-44670BADB9DB}.Ad-Hoc|x64.Build.0 = Release|Any CPU
		{609B84E3-12E2-490F-A45D-44670BADB9DB}.Ad-Hoc|x86.ActiveCfg = Release|Any CPU
		{609B84E3-12E2-490F-A45D-44670BADB9DB}.Ad-Hoc|x86.Build.0 = Release|Any CPU
		{609B84E3-12E2-490F-A45D-44670BADB9DB}.AppStore|Any CPU.ActiveCfg = Release|Any CPU
		{609B84E3-12E2-490F-A45D-44670BADB9DB}.AppStore|Any CPU.Build.0 = Release|Any CPU
		{609B84E3-12E2-490F-A45D-44670BADB9DB}.AppStore|ARM.ActiveCfg = Release|Any CPU
		{609B84E3-12E2-490F-A45D-44670BADB9DB}.AppStore|ARM.Build.0 = Release|Any CPU
		{609B84E3-12E2-490F-A45D-44670BADB9DB}.AppStore|iPhone.ActiveCfg = Release|Any CPU
		{609B84E3-12E2-490F-A45D-44670BADB9DB}.AppStore|iPhone.Build.0 = Release|Any CPU
		{609B84E3-12E2-490F-A45D-44670BADB9DB}.AppStore|iPhoneSimulator.ActiveCfg = Release|Any CPU
		{609B84E3-12E2-490F-A45D-44670BADB9DB}.AppStore|iPhoneSimulator.Build.0 = Release|Any CPU
		{609B84E3-12E2-490F-A45D-44670BADB9DB}.AppStore|x64.ActiveCfg = Release|Any CPU
		{609B84E3-12E2-490F-A45D-44670BADB9DB}.AppStore|x64.Build.0 = Release|Any CPU
		{609B84E3-12E2-490F-A45D-44670BADB9DB}.AppStore|x86.ActiveCfg = Release|Any CPU
		{609B84E3-12E2-490F-A45D-44670BADB9DB}.AppStore|x86.Build.0 = Release|Any CPU
		{609B84E3-12E2-490F-A45D-44670BADB9DB}.Debug|Any CPU.ActiveCfg = Debug|Any CPU
		{609B84E3-12E2-490F-A45D-44670BADB9DB}.Debug|Any CPU.Build.0 = Debug|Any CPU
		{609B84E3-12E2-490F-A45D-44670BADB9DB}.Debug|ARM.ActiveCfg = Debug|Any CPU
		{609B84E3-12E2-490F-A45D-44670BADB9DB}.Debug|ARM.Build.0 = Debug|Any CPU
		{609B84E3-12E2-490F-A45D-44670BADB9DB}.Debug|iPhone.ActiveCfg = Debug|Any CPU
		{609B84E3-12E2-490F-A45D-44670BADB9DB}.Debug|iPhone.Build.0 = Debug|Any CPU
		{609B84E3-12E2-490F-A45D-44670BADB9DB}.Debug|iPhoneSimulator.ActiveCfg = Debug|Any CPU
		{609B84E3-12E2-490F-A45D-44670BADB9DB}.Debug|iPhoneSimulator.Build.0 = Debug|Any CPU
		{609B84E3-12E2-490F-A45D-44670BADB9DB}.Debug|x64.ActiveCfg = Debug|Any CPU
		{609B84E3-12E2-490F-A45D-44670BADB9DB}.Debug|x64.Build.0 = Debug|Any CPU
		{609B84E3-12E2-490F-A45D-44670BADB9DB}.Debug|x86.ActiveCfg = Debug|Any CPU
		{609B84E3-12E2-490F-A45D-44670BADB9DB}.Debug|x86.Build.0 = Debug|Any CPU
		{609B84E3-12E2-490F-A45D-44670BADB9DB}.Release|Any CPU.ActiveCfg = Release|Any CPU
		{609B84E3-12E2-490F-A45D-44670BADB9DB}.Release|Any CPU.Build.0 = Release|Any CPU
		{609B84E3-12E2-490F-A45D-44670BADB9DB}.Release|ARM.ActiveCfg = Release|Any CPU
		{609B84E3-12E2-490F-A45D-44670BADB9DB}.Release|ARM.Build.0 = Release|Any CPU
		{609B84E3-12E2-490F-A45D-44670BADB9DB}.Release|iPhone.ActiveCfg = Release|Any CPU
		{609B84E3-12E2-490F-A45D-44670BADB9DB}.Release|iPhone.Build.0 = Release|Any CPU
		{609B84E3-12E2-490F-A45D-44670BADB9DB}.Release|iPhoneSimulator.ActiveCfg = Release|Any CPU
		{609B84E3-12E2-490F-A45D-44670BADB9DB}.Release|iPhoneSimulator.Build.0 = Release|Any CPU
		{609B84E3-12E2-490F-A45D-44670BADB9DB}.Release|x64.ActiveCfg = Release|Any CPU
		{609B84E3-12E2-490F-A45D-44670BADB9DB}.Release|x64.Build.0 = Release|Any CPU
		{609B84E3-12E2-490F-A45D-44670BADB9DB}.Release|x86.ActiveCfg = Release|Any CPU
		{609B84E3-12E2-490F-A45D-44670BADB9DB}.Release|x86.Build.0 = Release|Any CPU
		{82122042-7A54-4E8F-ADF7-3213B0998884}.Ad-Hoc|Any CPU.ActiveCfg = Release|Any CPU
		{82122042-7A54-4E8F-ADF7-3213B0998884}.Ad-Hoc|Any CPU.Build.0 = Release|Any CPU
		{82122042-7A54-4E8F-ADF7-3213B0998884}.Ad-Hoc|ARM.ActiveCfg = Release|Any CPU
		{82122042-7A54-4E8F-ADF7-3213B0998884}.Ad-Hoc|ARM.Build.0 = Release|Any CPU
		{82122042-7A54-4E8F-ADF7-3213B0998884}.Ad-Hoc|iPhone.ActiveCfg = Release|Any CPU
		{82122042-7A54-4E8F-ADF7-3213B0998884}.Ad-Hoc|iPhone.Build.0 = Release|Any CPU
		{82122042-7A54-4E8F-ADF7-3213B0998884}.Ad-Hoc|iPhoneSimulator.ActiveCfg = Release|Any CPU
		{82122042-7A54-4E8F-ADF7-3213B0998884}.Ad-Hoc|iPhoneSimulator.Build.0 = Release|Any CPU
		{82122042-7A54-4E8F-ADF7-3213B0998884}.Ad-Hoc|x64.ActiveCfg = Release|Any CPU
		{82122042-7A54-4E8F-ADF7-3213B0998884}.Ad-Hoc|x64.Build.0 = Release|Any CPU
		{82122042-7A54-4E8F-ADF7-3213B0998884}.Ad-Hoc|x86.ActiveCfg = Release|Any CPU
		{82122042-7A54-4E8F-ADF7-3213B0998884}.Ad-Hoc|x86.Build.0 = Release|Any CPU
		{82122042-7A54-4E8F-ADF7-3213B0998884}.AppStore|Any CPU.ActiveCfg = Release|Any CPU
		{82122042-7A54-4E8F-ADF7-3213B0998884}.AppStore|Any CPU.Build.0 = Release|Any CPU
		{82122042-7A54-4E8F-ADF7-3213B0998884}.AppStore|ARM.ActiveCfg = Release|Any CPU
		{82122042-7A54-4E8F-ADF7-3213B0998884}.AppStore|ARM.Build.0 = Release|Any CPU
		{82122042-7A54-4E8F-ADF7-3213B0998884}.AppStore|iPhone.ActiveCfg = Release|Any CPU
		{82122042-7A54-4E8F-ADF7-3213B0998884}.AppStore|iPhone.Build.0 = Release|Any CPU
		{82122042-7A54-4E8F-ADF7-3213B0998884}.AppStore|iPhoneSimulator.ActiveCfg = Release|Any CPU
		{82122042-7A54-4E8F-ADF7-3213B0998884}.AppStore|iPhoneSimulator.Build.0 = Release|Any CPU
		{82122042-7A54-4E8F-ADF7-3213B0998884}.AppStore|x64.ActiveCfg = Release|Any CPU
		{82122042-7A54-4E8F-ADF7-3213B0998884}.AppStore|x64.Build.0 = Release|Any CPU
		{82122042-7A54-4E8F-ADF7-3213B0998884}.AppStore|x86.ActiveCfg = Release|Any CPU
		{82122042-7A54-4E8F-ADF7-3213B0998884}.AppStore|x86.Build.0 = Release|Any CPU
		{82122042-7A54-4E8F-ADF7-3213B0998884}.Debug|Any CPU.ActiveCfg = Debug|Any CPU
		{82122042-7A54-4E8F-ADF7-3213B0998884}.Debug|Any CPU.Build.0 = Debug|Any CPU
		{82122042-7A54-4E8F-ADF7-3213B0998884}.Debug|ARM.ActiveCfg = Debug|Any CPU
		{82122042-7A54-4E8F-ADF7-3213B0998884}.Debug|ARM.Build.0 = Debug|Any CPU
		{82122042-7A54-4E8F-ADF7-3213B0998884}.Debug|iPhone.ActiveCfg = Debug|Any CPU
		{82122042-7A54-4E8F-ADF7-3213B0998884}.Debug|iPhone.Build.0 = Debug|Any CPU
		{82122042-7A54-4E8F-ADF7-3213B0998884}.Debug|iPhoneSimulator.ActiveCfg = Debug|Any CPU
		{82122042-7A54-4E8F-ADF7-3213B0998884}.Debug|iPhoneSimulator.Build.0 = Debug|Any CPU
		{82122042-7A54-4E8F-ADF7-3213B0998884}.Debug|x64.ActiveCfg = Debug|Any CPU
		{82122042-7A54-4E8F-ADF7-3213B0998884}.Debug|x64.Build.0 = Debug|Any CPU
		{82122042-7A54-4E8F-ADF7-3213B0998884}.Debug|x86.ActiveCfg = Debug|Any CPU
		{82122042-7A54-4E8F-ADF7-3213B0998884}.Debug|x86.Build.0 = Debug|Any CPU
		{82122042-7A54-4E8F-ADF7-3213B0998884}.Release|Any CPU.ActiveCfg = Release|Any CPU
		{82122042-7A54-4E8F-ADF7-3213B0998884}.Release|Any CPU.Build.0 = Release|Any CPU
		{82122042-7A54-4E8F-ADF7-3213B0998884}.Release|ARM.ActiveCfg = Release|Any CPU
		{82122042-7A54-4E8F-ADF7-3213B0998884}.Release|ARM.Build.0 = Release|Any CPU
		{82122042-7A54-4E8F-ADF7-3213B0998884}.Release|iPhone.ActiveCfg = Release|Any CPU
		{82122042-7A54-4E8F-ADF7-3213B0998884}.Release|iPhone.Build.0 = Release|Any CPU
		{82122042-7A54-4E8F-ADF7-3213B0998884}.Release|iPhoneSimulator.ActiveCfg = Release|Any CPU
		{82122042-7A54-4E8F-ADF7-3213B0998884}.Release|iPhoneSimulator.Build.0 = Release|Any CPU
		{82122042-7A54-4E8F-ADF7-3213B0998884}.Release|x64.ActiveCfg = Release|Any CPU
		{82122042-7A54-4E8F-ADF7-3213B0998884}.Release|x64.Build.0 = Release|Any CPU
		{82122042-7A54-4E8F-ADF7-3213B0998884}.Release|x86.ActiveCfg = Release|Any CPU
		{82122042-7A54-4E8F-ADF7-3213B0998884}.Release|x86.Build.0 = Release|Any CPU
		{990F659C-BC72-49D0-A6F6-A4E449200885}.Ad-Hoc|Any CPU.ActiveCfg = Release|Any CPU
		{990F659C-BC72-49D0-A6F6-A4E449200885}.Ad-Hoc|Any CPU.Build.0 = Release|Any CPU
		{990F659C-BC72-49D0-A6F6-A4E449200885}.Ad-Hoc|ARM.ActiveCfg = Release|ARM
		{990F659C-BC72-49D0-A6F6-A4E449200885}.Ad-Hoc|ARM.Build.0 = Release|ARM
		{990F659C-BC72-49D0-A6F6-A4E449200885}.Ad-Hoc|iPhone.ActiveCfg = Release|Any CPU
		{990F659C-BC72-49D0-A6F6-A4E449200885}.Ad-Hoc|iPhone.Build.0 = Release|Any CPU
		{990F659C-BC72-49D0-A6F6-A4E449200885}.Ad-Hoc|iPhoneSimulator.ActiveCfg = Release|Any CPU
		{990F659C-BC72-49D0-A6F6-A4E449200885}.Ad-Hoc|iPhoneSimulator.Build.0 = Release|Any CPU
		{990F659C-BC72-49D0-A6F6-A4E449200885}.Ad-Hoc|x64.ActiveCfg = Release|x64
		{990F659C-BC72-49D0-A6F6-A4E449200885}.Ad-Hoc|x64.Build.0 = Release|x64
		{990F659C-BC72-49D0-A6F6-A4E449200885}.Ad-Hoc|x86.ActiveCfg = Release|x86
		{990F659C-BC72-49D0-A6F6-A4E449200885}.Ad-Hoc|x86.Build.0 = Release|x86
		{990F659C-BC72-49D0-A6F6-A4E449200885}.AppStore|Any CPU.ActiveCfg = Release|Any CPU
		{990F659C-BC72-49D0-A6F6-A4E449200885}.AppStore|Any CPU.Build.0 = Release|Any CPU
		{990F659C-BC72-49D0-A6F6-A4E449200885}.AppStore|ARM.ActiveCfg = Release|ARM
		{990F659C-BC72-49D0-A6F6-A4E449200885}.AppStore|ARM.Build.0 = Release|ARM
		{990F659C-BC72-49D0-A6F6-A4E449200885}.AppStore|iPhone.ActiveCfg = Release|Any CPU
		{990F659C-BC72-49D0-A6F6-A4E449200885}.AppStore|iPhone.Build.0 = Release|Any CPU
		{990F659C-BC72-49D0-A6F6-A4E449200885}.AppStore|iPhoneSimulator.ActiveCfg = Release|Any CPU
		{990F659C-BC72-49D0-A6F6-A4E449200885}.AppStore|iPhoneSimulator.Build.0 = Release|Any CPU
		{990F659C-BC72-49D0-A6F6-A4E449200885}.AppStore|x64.ActiveCfg = Release|x64
		{990F659C-BC72-49D0-A6F6-A4E449200885}.AppStore|x64.Build.0 = Release|x64
		{990F659C-BC72-49D0-A6F6-A4E449200885}.AppStore|x86.ActiveCfg = Release|x86
		{990F659C-BC72-49D0-A6F6-A4E449200885}.AppStore|x86.Build.0 = Release|x86
		{990F659C-BC72-49D0-A6F6-A4E449200885}.Debug|Any CPU.ActiveCfg = Debug|Any CPU
		{990F659C-BC72-49D0-A6F6-A4E449200885}.Debug|Any CPU.Build.0 = Debug|Any CPU
		{990F659C-BC72-49D0-A6F6-A4E449200885}.Debug|ARM.ActiveCfg = Debug|ARM
		{990F659C-BC72-49D0-A6F6-A4E449200885}.Debug|ARM.Build.0 = Debug|ARM
		{990F659C-BC72-49D0-A6F6-A4E449200885}.Debug|iPhone.ActiveCfg = Debug|Any CPU
		{990F659C-BC72-49D0-A6F6-A4E449200885}.Debug|iPhone.Build.0 = Debug|Any CPU
		{990F659C-BC72-49D0-A6F6-A4E449200885}.Debug|iPhoneSimulator.ActiveCfg = Debug|Any CPU
		{990F659C-BC72-49D0-A6F6-A4E449200885}.Debug|iPhoneSimulator.Build.0 = Debug|Any CPU
		{990F659C-BC72-49D0-A6F6-A4E449200885}.Debug|x64.ActiveCfg = Debug|x64
		{990F659C-BC72-49D0-A6F6-A4E449200885}.Debug|x64.Build.0 = Debug|x64
		{990F659C-BC72-49D0-A6F6-A4E449200885}.Debug|x86.ActiveCfg = Debug|x86
		{990F659C-BC72-49D0-A6F6-A4E449200885}.Debug|x86.Build.0 = Debug|x86
		{990F659C-BC72-49D0-A6F6-A4E449200885}.Release|Any CPU.ActiveCfg = Release|Any CPU
		{990F659C-BC72-49D0-A6F6-A4E449200885}.Release|Any CPU.Build.0 = Release|Any CPU
		{990F659C-BC72-49D0-A6F6-A4E449200885}.Release|ARM.ActiveCfg = Release|ARM
		{990F659C-BC72-49D0-A6F6-A4E449200885}.Release|ARM.Build.0 = Release|ARM
		{990F659C-BC72-49D0-A6F6-A4E449200885}.Release|iPhone.ActiveCfg = Release|Any CPU
		{990F659C-BC72-49D0-A6F6-A4E449200885}.Release|iPhone.Build.0 = Release|Any CPU
		{990F659C-BC72-49D0-A6F6-A4E449200885}.Release|iPhoneSimulator.ActiveCfg = Release|Any CPU
		{990F659C-BC72-49D0-A6F6-A4E449200885}.Release|iPhoneSimulator.Build.0 = Release|Any CPU
		{990F659C-BC72-49D0-A6F6-A4E449200885}.Release|x64.ActiveCfg = Release|x64
		{990F659C-BC72-49D0-A6F6-A4E449200885}.Release|x64.Build.0 = Release|x64
		{990F659C-BC72-49D0-A6F6-A4E449200885}.Release|x86.ActiveCfg = Release|x86
		{990F659C-BC72-49D0-A6F6-A4E449200885}.Release|x86.Build.0 = Release|x86
		{65B69815-3824-4E26-8B22-C43274720DE6}.Ad-Hoc|Any CPU.ActiveCfg = Release|Any CPU
		{65B69815-3824-4E26-8B22-C43274720DE6}.Ad-Hoc|Any CPU.Build.0 = Release|Any CPU
		{65B69815-3824-4E26-8B22-C43274720DE6}.Ad-Hoc|ARM.ActiveCfg = Release|Any CPU
		{65B69815-3824-4E26-8B22-C43274720DE6}.Ad-Hoc|ARM.Build.0 = Release|Any CPU
		{65B69815-3824-4E26-8B22-C43274720DE6}.Ad-Hoc|iPhone.ActiveCfg = Release|Any CPU
		{65B69815-3824-4E26-8B22-C43274720DE6}.Ad-Hoc|iPhone.Build.0 = Release|Any CPU
		{65B69815-3824-4E26-8B22-C43274720DE6}.Ad-Hoc|iPhoneSimulator.ActiveCfg = Release|Any CPU
		{65B69815-3824-4E26-8B22-C43274720DE6}.Ad-Hoc|iPhoneSimulator.Build.0 = Release|Any CPU
		{65B69815-3824-4E26-8B22-C43274720DE6}.Ad-Hoc|x64.ActiveCfg = Release|Any CPU
		{65B69815-3824-4E26-8B22-C43274720DE6}.Ad-Hoc|x64.Build.0 = Release|Any CPU
		{65B69815-3824-4E26-8B22-C43274720DE6}.Ad-Hoc|x86.ActiveCfg = Release|Any CPU
		{65B69815-3824-4E26-8B22-C43274720DE6}.Ad-Hoc|x86.Build.0 = Release|Any CPU
		{65B69815-3824-4E26-8B22-C43274720DE6}.AppStore|Any CPU.ActiveCfg = Release|Any CPU
		{65B69815-3824-4E26-8B22-C43274720DE6}.AppStore|Any CPU.Build.0 = Release|Any CPU
		{65B69815-3824-4E26-8B22-C43274720DE6}.AppStore|ARM.ActiveCfg = Release|Any CPU
		{65B69815-3824-4E26-8B22-C43274720DE6}.AppStore|ARM.Build.0 = Release|Any CPU
		{65B69815-3824-4E26-8B22-C43274720DE6}.AppStore|iPhone.ActiveCfg = Release|Any CPU
		{65B69815-3824-4E26-8B22-C43274720DE6}.AppStore|iPhone.Build.0 = Release|Any CPU
		{65B69815-3824-4E26-8B22-C43274720DE6}.AppStore|iPhoneSimulator.ActiveCfg = Release|Any CPU
		{65B69815-3824-4E26-8B22-C43274720DE6}.AppStore|iPhoneSimulator.Build.0 = Release|Any CPU
		{65B69815-3824-4E26-8B22-C43274720DE6}.AppStore|x64.ActiveCfg = Release|Any CPU
		{65B69815-3824-4E26-8B22-C43274720DE6}.AppStore|x64.Build.0 = Release|Any CPU
		{65B69815-3824-4E26-8B22-C43274720DE6}.AppStore|x86.ActiveCfg = Release|Any CPU
		{65B69815-3824-4E26-8B22-C43274720DE6}.AppStore|x86.Build.0 = Release|Any CPU
		{65B69815-3824-4E26-8B22-C43274720DE6}.Debug|Any CPU.ActiveCfg = Debug|Any CPU
		{65B69815-3824-4E26-8B22-C43274720DE6}.Debug|Any CPU.Build.0 = Debug|Any CPU
		{65B69815-3824-4E26-8B22-C43274720DE6}.Debug|ARM.ActiveCfg = Debug|Any CPU
		{65B69815-3824-4E26-8B22-C43274720DE6}.Debug|ARM.Build.0 = Debug|Any CPU
		{65B69815-3824-4E26-8B22-C43274720DE6}.Debug|iPhone.ActiveCfg = Debug|Any CPU
		{65B69815-3824-4E26-8B22-C43274720DE6}.Debug|iPhone.Build.0 = Debug|Any CPU
		{65B69815-3824-4E26-8B22-C43274720DE6}.Debug|iPhoneSimulator.ActiveCfg = Debug|Any CPU
		{65B69815-3824-4E26-8B22-C43274720DE6}.Debug|iPhoneSimulator.Build.0 = Debug|Any CPU
		{65B69815-3824-4E26-8B22-C43274720DE6}.Debug|x64.ActiveCfg = Debug|Any CPU
		{65B69815-3824-4E26-8B22-C43274720DE6}.Debug|x64.Build.0 = Debug|Any CPU
		{65B69815-3824-4E26-8B22-C43274720DE6}.Debug|x86.ActiveCfg = Debug|Any CPU
		{65B69815-3824-4E26-8B22-C43274720DE6}.Debug|x86.Build.0 = Debug|Any CPU
		{65B69815-3824-4E26-8B22-C43274720DE6}.Release|Any CPU.ActiveCfg = Release|Any CPU
		{65B69815-3824-4E26-8B22-C43274720DE6}.Release|Any CPU.Build.0 = Release|Any CPU
		{65B69815-3824-4E26-8B22-C43274720DE6}.Release|ARM.ActiveCfg = Release|Any CPU
		{65B69815-3824-4E26-8B22-C43274720DE6}.Release|ARM.Build.0 = Release|Any CPU
		{65B69815-3824-4E26-8B22-C43274720DE6}.Release|iPhone.ActiveCfg = Release|Any CPU
		{65B69815-3824-4E26-8B22-C43274720DE6}.Release|iPhone.Build.0 = Release|Any CPU
		{65B69815-3824-4E26-8B22-C43274720DE6}.Release|iPhoneSimulator.ActiveCfg = Release|Any CPU
		{65B69815-3824-4E26-8B22-C43274720DE6}.Release|iPhoneSimulator.Build.0 = Release|Any CPU
		{65B69815-3824-4E26-8B22-C43274720DE6}.Release|x64.ActiveCfg = Release|Any CPU
		{65B69815-3824-4E26-8B22-C43274720DE6}.Release|x64.Build.0 = Release|Any CPU
		{65B69815-3824-4E26-8B22-C43274720DE6}.Release|x86.ActiveCfg = Release|Any CPU
		{65B69815-3824-4E26-8B22-C43274720DE6}.Release|x86.Build.0 = Release|Any CPU
	EndGlobalSection
	GlobalSection(SolutionProperties) = preSolution
		HideSolutionNode = FALSE
	EndGlobalSection
EndGlobal
